
Microsoft Visual Studio Solution File, Format Version 10.00
# Visual Studio 2008
Project("{8BC9CEB8-8B4A-11D0-8D11-00A0C91BC942}") = "media", "media.vcproj", "{42D8ED06-933E-4038-B909-8D1A569CFB51}"
	ProjectSection(ProjectDependencies) = postProject
		{21043A48-C2C0-481D-BC0E-DFAAB01D3E90} = {21043A48-C2C0-481D-BC0E-DFAAB01D3E90}
		{2E44AE74-26BA-4754-B264-17CD18282D2B} = {2E44AE74-26BA-4754-B264-17CD18282D2B}
		{882F2983-8625-44C5-8362-2233D343BF26} = {882F2983-8625-44C5-8362-2233D343BF26}
		{B53550BE-256D-47F5-A27F-C27FEDDC970B} = {B53550BE-256D-47F5-A27F-C27FEDDC970B}
	EndProjectSection
EndProject
Project("{8BC9CEB8-8B4A-11D0-8D11-00A0C91BC942}") = "cacheproxy", "..\cacheproxy\cacheproxy.vcproj", "{FD54C797-0A82-48E7-8AC9-4AB0B32DC362}"
	ProjectSection(ProjectDependencies) = postProject
		{21043A48-C2C0-481D-BC0E-DFAAB01D3E90} = {21043A48-C2C0-481D-BC0E-DFAAB01D3E90}
		{2E44AE74-26BA-4754-B264-17CD18282D2B} = {2E44AE74-26BA-4754-B264-17CD18282D2B}
		{882F2983-8625-44C5-8362-2233D343BF26} = {882F2983-8625-44C5-8362-2233D343BF26}
		{B53550BE-256D-47F5-A27F-C27FEDDC970B} = {B53550BE-256D-47F5-A27F-C27FEDDC970B}
		{1C3AEAC6-8CBB-40BC-BF48-26181E887719} = {1C3AEAC6-8CBB-40BC-BF48-26181E887719}
	EndProjectSection
EndProject
Project("{8BC9CEB8-8B4A-11D0-8D11-00A0C91BC942}") = "flashpolicy", "..\flashpolicy\flashpolicy.vcproj", "{DE594BD3-39C5-41D8-9FAC-247273FEDB5D}"
	ProjectSection(ProjectDependencies) = postProject
		{21043A48-C2C0-481D-BC0E-DFAAB01D3E90} = {21043A48-C2C0-481D-BC0E-DFAAB01D3E90}
		{2E44AE74-26BA-4754-B264-17CD18282D2B} = {2E44AE74-26BA-4754-B264-17CD18282D2B}
		{882F2983-8625-44C5-8362-2233D343BF26} = {882F2983-8625-44C5-8362-2233D343BF26}
		{B53550BE-256D-47F5-A27F-C27FEDDC970B} = {B53550BE-256D-47F5-A27F-C27FEDDC970B}
		{1C3AEAC6-8CBB-40BC-BF48-26181E887719} = {1C3AEAC6-8CBB-40BC-BF48-26181E887719}
	EndProjectSection
EndProject
Project("{8BC9CEB8-8B4A-11D0-8D11-00A0C91BC942}") = "mediadispatch", "..\mediadispatch\mediadispatch.vcproj", "{5E885688-C184-4359-9F69-9DD142823BD1}"
	ProjectSection(ProjectDependencies) = postProject
		{21043A48-C2C0-481D-BC0E-DFAAB01D3E90} = {21043A48-C2C0-481D-BC0E-DFAAB01D3E90}
		{2E44AE74-26BA-4754-B264-17CD18282D2B} = {2E44AE74-26BA-4754-B264-17CD18282D2B}
		{882F2983-8625-44C5-8362-2233D343BF26} = {882F2983-8625-44C5-8362-2233D343BF26}
		{B53550BE-256D-47F5-A27F-C27FEDDC970B} = {B53550BE-256D-47F5-A27F-C27FEDDC970B}
		{1C3AEAC6-8CBB-40BC-BF48-26181E887719} = {1C3AEAC6-8CBB-40BC-BF48-26181E887719}
	EndProjectSection
EndProject
Project("{8BC9CEB8-8B4A-11D0-8D11-00A0C91BC942}") = "common", "..\..\common\common.vcproj", "{21043A48-C2C0-481D-BC0E-DFAAB01D3E90}"
EndProject
Project("{8BC9CEB8-8B4A-11D0-8D11-00A0C91BC942}") = "frame", "..\..\frame\frame.vcproj", "{B53550BE-256D-47F5-A27F-C27FEDDC970B}"
EndProject
Project("{8BC9CEB8-8B4A-11D0-8D11-00A0C91BC942}") = "logger", "..\..\logger\logger.vcproj", "{882F2983-8625-44C5-8362-2233D343BF26}"
EndProject
Project("{8BC9CEB8-8B4A-11D0-8D11-00A0C91BC942}") = "netevent", "..\..\netevent\netevent.vcproj", "{2E44AE74-26BA-4754-B264-17CD18282D2B}"
EndProject
Project("{8BC9CEB8-8B4A-11D0-8D11-00A0C91BC942}") = "tinyxml", "..\..\tinyxml\tinyxml.vcproj", "{1C3AEAC6-8CBB-40BC-BF48-26181E887719}"
EndProject
Global
	GlobalSection(SolutionConfigurationPlatforms) = preSolution
		Debug|Win32 = Debug|Win32
		Release|Win32 = Release|Win32
	EndGlobalSection
	GlobalSection(ProjectConfigurationPlatforms) = postSolution
		{42D8ED06-933E-4038-B909-8D1A569CFB51}.Debug|Win32.ActiveCfg = Debug|Win32
		{42D8ED06-933E-4038-B909-8D1A569CFB51}.Debug|Win32.Build.0 = Debug|Win32
		{42D8ED06-933E-4038-B909-8D1A569CFB51}.Release|Win32.ActiveCfg = Release|Win32
		{42D8ED06-933E-4038-B909-8D1A569CFB51}.Release|Win32.Build.0 = Release|Win32
		{FD54C797-0A82-48E7-8AC9-4AB0B32DC362}.Debug|Win32.ActiveCfg = Debug|Win32
		{FD54C797-0A82-48E7-8AC9-4AB0B32DC362}.Debug|Win32.Build.0 = Debug|Win32
		{FD54C797-0A82-48E7-8AC9-4AB0B32DC362}.Release|Win32.ActiveCfg = Release|Win32
		{FD54C797-0A82-48E7-8AC9-4AB0B32DC362}.Release|Win32.Build.0 = Release|Win32
		{DE594BD3-39C5-41D8-9FAC-247273FEDB5D}.Debug|Win32.ActiveCfg = Debug|Win32
		{DE594BD3-39C5-41D8-9FAC-247273FEDB5D}.Debug|Win32.Build.0 = Debug|Win32
		{DE594BD3-39C5-41D8-9FAC-247273FEDB5D}.Release|Win32.ActiveCfg = Release|Win32
		{DE594BD3-39C5-41D8-9FAC-247273FEDB5D}.Release|Win32.Build.0 = Release|Win32
		{5E885688-C184-4359-9F69-9DD142823BD1}.Debug|Win32.ActiveCfg = Debug|Win32
		{5E885688-C184-4359-9F69-9DD142823BD1}.Debug|Win32.Build.0 = Debug|Win32
		{5E885688-C184-4359-9F69-9DD142823BD1}.Release|Win32.ActiveCfg = Release|Win32
		{5E885688-C184-4359-9F69-9DD142823BD1}.Release|Win32.Build.0 = Release|Win32
		{21043A48-C2C0-481D-BC0E-DFAAB01D3E90}.Debug|Win32.ActiveCfg = Debug|Win32
		{21043A48-C2C0-481D-BC0E-DFAAB01D3E90}.Debug|Win32.Build.0 = Debug|Win32
		{21043A48-C2C0-481D-BC0E-DFAAB01D3E90}.Release|Win32.ActiveCfg = Release|Win32
		{21043A48-C2C0-481D-BC0E-DFAAB01D3E90}.Release|Win32.Build.0 = Release|Win32
		{B53550BE-256D-47F5-A27F-C27FEDDC970B}.Debug|Win32.ActiveCfg = Debug|Win32
		{B53550BE-256D-47F5-A27F-C27FEDDC970B}.Debug|Win32.Build.0 = Debug|Win32
		{B53550BE-256D-47F5-A27F-C27FEDDC970B}.Release|Win32.ActiveCfg = Release|Win32
		{B53550BE-256D-47F5-A27F-C27FEDDC970B}.Release|Win32.Build.0 = Release|Win32
		{882F2983-8625-44C5-8362-2233D343BF26}.Debug|Win32.ActiveCfg = Debug|Win32
		{882F2983-8625-44C5-8362-2233D343BF26}.Debug|Win32.Build.0 = Debug|Win32
		{882F2983-8625-44C5-8362-2233D343BF26}.Release|Win32.ActiveCfg = Release|Win32
		{882F2983-8625-44C5-8362-2233D343BF26}.Release|Win32.Build.0 = Release|Win32
		{2E44AE74-26BA-4754-B264-17CD18282D2B}.Debug|Win32.ActiveCfg = Debug|Win32
		{2E44AE74-26BA-4754-B264-17CD18282D2B}.Debug|Win32.Build.0 = Debug|Win32
		{2E44AE74-26BA-4754-B264-17CD18282D2B}.Release|Win32.ActiveCfg = Release|Win32
		{2E44AE74-26BA-4754-B264-17CD18282D2B}.Release|Win32.Build.0 = Release|Win32
		{1C3AEAC6-8CBB-40BC-BF48-26181E887719}.Debug|Win32.ActiveCfg = Debug|Win32
		{1C3AEAC6-8CBB-40BC-BF48-26181E887719}.Debug|Win32.Build.0 = Debug|Win32
		{1C3AEAC6-8CBB-40BC-BF48-26181E887719}.Release|Win32.ActiveCfg = Release|Win32
		{1C3AEAC6-8CBB-40BC-BF48-26181E887719}.Release|Win32.Build.0 = Release|Win32
	EndGlobalSection
	GlobalSection(SolutionProperties) = preSolution
		HideSolutionNode = FALSE
	EndGlobalSection
EndGlobal
